
Microsoft Visual Studio Solution File, Format Version 12.00
# Visual Studio Version 17
VisualStudioVersion = 17.14.35906.104
MinimumVisualStudioVersion = 10.0.40219.1
Project("{2150E333-8FDC-42A3-9474-1A3956D46DE8}") = "components", "components", "{02EA681E-C7D8-13C7-8484-4AC65E1B71E8}"
EndProject
Project("{2150E333-8FDC-42A3-9474-1A3956D46DE8}") = "src", "src", "{E0707F3A-A052-4F99-924F-53BAEFC09E29}"
EndProject
Project("{2150E333-8FDC-42A3-9474-1A3956D46DE8}") = "tests", "tests", "{F22B909C-CA43-4268-A2CF-45EF0E9A01C1}"
EndProject
Project("{2150E333-8FDC-42A3-9474-1A3956D46DE8}") = "caching", "caching", "{83154A79-9D09-4C05-A1EB-AFEDB8E05221}"
EndProject
Project("{FAE04EC0-301F-11D3-BF4B-00C04F79EFBC}") = "Daric.Caching.Abstractions", "components\Caching\Daric.Caching.Abstractions\Daric.Caching.Abstractions.csproj", "{5CFF3EE7-4FFB-4E4E-240C-1D6663DE3FCE}"
EndProject
Project("{FAE04EC0-301F-11D3-BF4B-00C04F79EFBC}") = "Daric.Caching.Redis", "components\caching\Daric.Caching.Redis\Daric.Caching.Redis.csproj", "{407A93C5-DDA0-E802-2C9D-1045B7E09C6E}"
EndProject
Project("{2150E333-8FDC-42A3-9474-1A3956D46DE8}") = "database", "database", "{BC7989D3-351D-42EC-B483-5823D3D4C78B}"
EndProject
Project("{FAE04EC0-301F-11D3-BF4B-00C04F79EFBC}") = "Daric.Database.Abstractions", "components\database\Daric.Database.Abstractions\Daric.Database.Abstractions.csproj", "{35262F13-50C6-AFAC-E9BC-AF4779021BCC}"
EndProject
Project("{FAE04EC0-301F-11D3-BF4B-00C04F79EFBC}") = "Daric.Database.SqlServer", "components\database\Daric.Database.SqlServer\Daric.Database.SqlServer.csproj", "{CF5E7D33-7F21-C3A6-94DA-882CD3EE7D80}"
EndProject
Project("{2150E333-8FDC-42A3-9474-1A3956D46DE8}") = "locking", "locking", "{AE5EF592-13C9-4863-BF83-9DEB1EA3033D}"
EndProject
Project("{FAE04EC0-301F-11D3-BF4B-00C04F79EFBC}") = "Daric.Locking.Abstractions", "components\locking\Daric.Locking.Abstractions\Daric.Locking.Abstractions.csproj", "{CB072A3A-AD22-AD21-68F0-810333774A2D}"
EndProject
Project("{FAE04EC0-301F-11D3-BF4B-00C04F79EFBC}") = "Daric.Locking.MedallionRedis", "components\locking\Daric.Locking.MedallionRedis\Daric.Locking.MedallionRedis.csproj", "{383FF2FD-2E13-617D-B083-2D28937E5EEF}"
EndProject
Project("{2150E333-8FDC-42A3-9474-1A3956D46DE8}") = "logging", "logging", "{707F0305-E171-4A06-A288-101BAD337B61}"
EndProject
Project("{FAE04EC0-301F-11D3-BF4B-00C04F79EFBC}") = "Daric.Logging.Abstractions", "components\logging\Daric.Logging.Abstractions\Daric.Logging.Abstractions.csproj", "{A7871F50-E297-EFF5-300A-CCFAD352AD62}"
EndProject
Project("{FAE04EC0-301F-11D3-BF4B-00C04F79EFBC}") = "Daric.Logging.Console", "components\logging\Daric.Logging.Console\Daric.Logging.Console.csproj", "{D785437D-3DD5-3A72-7643-54CF064476A2}"
EndProject
Project("{FAE04EC0-301F-11D3-BF4B-00C04F79EFBC}") = "Daric.Logging.Distributed", "components\logging\Daric.Logging.Distributed\Daric.Logging.Distributed.csproj", "{0F06F4AE-B31C-E05E-9BC5-0AC19EBEE4B6}"
EndProject
Project("{2150E333-8FDC-42A3-9474-1A3956D46DE8}") = "scheduling", "scheduling", "{B9461580-8634-49E7-BD02-051A3FBE84E0}"
EndProject
Project("{FAE04EC0-301F-11D3-BF4B-00C04F79EFBC}") = "Daric.Scheduling.Abstraction", "components\scheduling\Daric.Scheduling.Abstraction\Daric.Scheduling.Abstraction.csproj", "{427C00D7-8547-15DB-42AF-41BC781BC276}"
EndProject
Project("{FAE04EC0-301F-11D3-BF4B-00C04F79EFBC}") = "Daric.Scheduling.Quartz", "components\scheduling\Daric.Scheduling.Quartz\Daric.Scheduling.Quartz.csproj", "{641A31F2-69A9-1875-59C0-1A0E1FB3B332}"
EndProject
Project("{2150E333-8FDC-42A3-9474-1A3956D46DE8}") = "tracing", "tracing", "{6B668FBC-6279-4231-9DF6-4F7ADC041543}"
EndProject
Project("{FAE04EC0-301F-11D3-BF4B-00C04F79EFBC}") = "Daric.Tracing.Abstractions", "components\tracing\Daric.Tracing.Abstractions\Daric.Tracing.Abstractions.csproj", "{15B33CB9-FB4D-620A-ED83-13525218F780}"
EndProject
Project("{FAE04EC0-301F-11D3-BF4B-00C04F79EFBC}") = "Daric.Tracing.Zipkin", "components\tracing\Daric.Tracing.Zipkin\Daric.Tracing.Zipkin.csproj", "{D47B7C96-ED81-7A47-6729-0ED31809CC2E}"
EndProject
Project("{2150E333-8FDC-42A3-9474-1A3956D46DE8}") = "common", "common", "{F4D6F3C6-E77A-4D64-BB89-9989C52A148A}"
EndProject
Project("{FAE04EC0-301F-11D3-BF4B-00C04F79EFBC}") = "Daric.Configurations", "components\common\Daric.Configurations\Daric.Configurations.csproj", "{BB80F5FC-721A-1327-51C4-97892C1AAF5F}"
EndProject
Project("{FAE04EC0-301F-11D3-BF4B-00C04F79EFBC}") = "Daric.Shared", "components\common\Daric.Shared\Daric.Shared.csproj", "{C94B29E3-B49D-D7FC-E71E-CF11B0CD2729}"
EndProject
Project("{2150E333-8FDC-42A3-9474-1A3956D46DE8}") = "infrastructure", "infrastructure", "{F571E1E5-F07F-48F2-840E-781AAD9FA59A}"
EndProject
Project("{FAE04EC0-301F-11D3-BF4B-00C04F79EFBC}") = "Daric.Infrastructure.SqlServer", "src\infrastructure\Daric.Infrastructure.SqlServer\Daric.Infrastructure.SqlServer.csproj", "{5A5F990C-1741-B6C6-BBF9-B15C417033F7}"
EndProject
Project("{2150E333-8FDC-42A3-9474-1A3956D46DE8}") = "domain", "domain", "{8F023A04-6C89-41A7-978E-143D6F5250E7}"
EndProject
Project("{2150E333-8FDC-42A3-9474-1A3956D46DE8}") = "application", "application", "{8F9001A0-9F62-4B23-AECE-9AA37CA343EC}"
EndProject
Project("{2150E333-8FDC-42A3-9474-1A3956D46DE8}") = "api", "api", "{092E8B5E-2573-4548-AECC-955BD2F6A096}"
EndProject
Project("{FAE04EC0-301F-11D3-BF4B-00C04F79EFBC}") = "Daric.Domain.Shared", "src\domain\Daric.Domain.Shared\Daric.Domain.Shared.csproj", "{B0185732-828A-497B-AFFD-0FF551AAF848}"
EndProject
Project("{FAE04EC0-301F-11D3-BF4B-00C04F79EFBC}") = "Daric.Domain.Accounts", "src\domain\Daric.Domain.Accounts\Daric.Domain.Accounts.csproj", "{9C6215AB-8C3B-47B1-8B88-08D7F8D1B8A4}"
EndProject
Project("{FAE04EC0-301F-11D3-BF4B-00C04F79EFBC}") = "Daric.Domain.Bonuses", "src\domain\Daric.Domain.Bonuses\Daric.Domain.Bonuses.csproj", "{1BFCEBF6-7BA1-489E-AB09-0EB34A9D3926}"
EndProject
Project("{FAE04EC0-301F-11D3-BF4B-00C04F79EFBC}") = "Daric.Domain.Customers", "src\domain\Daric.Domain.Customers\Daric.Domain.Customers.csproj", "{DCEE639A-2A3D-4E38-B76B-B310EB7471A6}"
EndProject
Project("{FAE04EC0-301F-11D3-BF4B-00C04F79EFBC}") = "Daric.Domain.Transactions", "src\domain\Daric.Domain.Transactions\Daric.Domain.Transactions.csproj", "{F3D1A393-ECDF-4B9B-A1FF-3B25DADD997E}"
EndProject
Project("{FAE04EC0-301F-11D3-BF4B-00C04F79EFBC}") = "Daric.Application", "src\application\Daric.Application\Daric.Application.csproj", "{037F808D-CA01-4673-9E3A-65B809F1F959}"
EndProject
Project("{FAE04EC0-301F-11D3-BF4B-00C04F79EFBC}") = "Daric.HttpApi", "src\api\Daric.HttpApi\Daric.HttpApi.csproj", "{EC445796-511A-4B93-9583-8CF5C00C55F4}"
EndProject
Project("{FAE04EC0-301F-11D3-BF4B-00C04F79EFBC}") = "Daric.Domain.Customers.Tests", "tests\domain\Daric.Domain.Customers.Tests\Daric.Domain.Customers.Tests.csproj", "{29317427-63FA-4A5D-B3BC-7B7D694C1F07}"
EndProject
Project("{FAE04EC0-301F-11D3-BF4B-00C04F79EFBC}") = "Dirac.Infrastructure.Tests", "tests\infrastructure\Dirac.Infrastructure.Tests\Dirac.Infrastructure.Tests.csproj", "{3C88557A-8A42-4B51-A23F-53B4824CB490}"
EndProject
Project("{FAE04EC0-301F-11D3-BF4B-00C04F79EFBC}") = "Daric.Domain.Transactions.Tests", "tests\domain\Daric.Domain.Transactions.Tests\Daric.Domain.Transactions.Tests.csproj", "{E0C0C8CD-FCA4-4EB5-A326-FCFE9AB78E69}"
EndProject
Project("{FAE04EC0-301F-11D3-BF4B-00C04F79EFBC}") = "Daric.Domain.Account.Tests", "tests\domain\Daric.Domain.Account.Tests\Daric.Domain.Account.Tests.csproj", "{43393ACF-6364-4453-BAF7-44752BA32362}"
EndProject
Project("{FAE04EC0-301F-11D3-BF4B-00C04F79EFBC}") = "Daric.Domain.Bonus.Tests", "tests\domain\Daric.Domain.Bonus.Tests\Daric.Domain.Bonus.Tests.csproj", "{87D37E03-5E66-4887-858F-0BA8CC011895}"
EndProject
Global
	GlobalSection(SolutionConfigurationPlatforms) = preSolution
		Debug|Any CPU = Debug|Any CPU
		Release|Any CPU = Release|Any CPU
	EndGlobalSection
	GlobalSection(ProjectConfigurationPlatforms) = postSolution
		{5CFF3EE7-4FFB-4E4E-240C-1D6663DE3FCE}.Debug|Any CPU.ActiveCfg = Debug|Any CPU
		{5CFF3EE7-4FFB-4E4E-240C-1D6663DE3FCE}.Debug|Any CPU.Build.0 = Debug|Any CPU
		{5CFF3EE7-4FFB-4E4E-240C-1D6663DE3FCE}.Release|Any CPU.ActiveCfg = Release|Any CPU
		{5CFF3EE7-4FFB-4E4E-240C-1D6663DE3FCE}.Release|Any CPU.Build.0 = Release|Any CPU
		{407A93C5-DDA0-E802-2C9D-1045B7E09C6E}.Debug|Any CPU.ActiveCfg = Debug|Any CPU
		{407A93C5-DDA0-E802-2C9D-1045B7E09C6E}.Debug|Any CPU.Build.0 = Debug|Any CPU
		{407A93C5-DDA0-E802-2C9D-1045B7E09C6E}.Release|Any CPU.ActiveCfg = Release|Any CPU
		{407A93C5-DDA0-E802-2C9D-1045B7E09C6E}.Release|Any CPU.Build.0 = Release|Any CPU
		{35262F13-50C6-AFAC-E9BC-AF4779021BCC}.Debug|Any CPU.ActiveCfg = Debug|Any CPU
		{35262F13-50C6-AFAC-E9BC-AF4779021BCC}.Debug|Any CPU.Build.0 = Debug|Any CPU
		{35262F13-50C6-AFAC-E9BC-AF4779021BCC}.Release|Any CPU.ActiveCfg = Release|Any CPU
		{35262F13-50C6-AFAC-E9BC-AF4779021BCC}.Release|Any CPU.Build.0 = Release|Any CPU
		{CF5E7D33-7F21-C3A6-94DA-882CD3EE7D80}.Debug|Any CPU.ActiveCfg = Debug|Any CPU
		{CF5E7D33-7F21-C3A6-94DA-882CD3EE7D80}.Debug|Any CPU.Build.0 = Debug|Any CPU
		{CF5E7D33-7F21-C3A6-94DA-882CD3EE7D80}.Release|Any CPU.ActiveCfg = Release|Any CPU
		{CF5E7D33-7F21-C3A6-94DA-882CD3EE7D80}.Release|Any CPU.Build.0 = Release|Any CPU
		{CB072A3A-AD22-AD21-68F0-810333774A2D}.Debug|Any CPU.ActiveCfg = Debug|Any CPU
		{CB072A3A-AD22-AD21-68F0-810333774A2D}.Debug|Any CPU.Build.0 = Debug|Any CPU
		{CB072A3A-AD22-AD21-68F0-810333774A2D}.Release|Any CPU.ActiveCfg = Release|Any CPU
		{CB072A3A-AD22-AD21-68F0-810333774A2D}.Release|Any CPU.Build.0 = Release|Any CPU
		{383FF2FD-2E13-617D-B083-2D28937E5EEF}.Debug|Any CPU.ActiveCfg = Debug|Any CPU
		{383FF2FD-2E13-617D-B083-2D28937E5EEF}.Debug|Any CPU.Build.0 = Debug|Any CPU
		{383FF2FD-2E13-617D-B083-2D28937E5EEF}.Release|Any CPU.ActiveCfg = Release|Any CPU
		{383FF2FD-2E13-617D-B083-2D28937E5EEF}.Release|Any CPU.Build.0 = Release|Any CPU
		{A7871F50-E297-EFF5-300A-CCFAD352AD62}.Debug|Any CPU.ActiveCfg = Debug|Any CPU
		{A7871F50-E297-EFF5-300A-CCFAD352AD62}.Debug|Any CPU.Build.0 = Debug|Any CPU
		{A7871F50-E297-EFF5-300A-CCFAD352AD62}.Release|Any CPU.ActiveCfg = Release|Any CPU
		{A7871F50-E297-EFF5-300A-CCFAD352AD62}.Release|Any CPU.Build.0 = Release|Any CPU
		{D785437D-3DD5-3A72-7643-54CF064476A2}.Debug|Any CPU.ActiveCfg = Debug|Any CPU
		{D785437D-3DD5-3A72-7643-54CF064476A2}.Debug|Any CPU.Build.0 = Debug|Any CPU
		{D785437D-3DD5-3A72-7643-54CF064476A2}.Release|Any CPU.ActiveCfg = Release|Any CPU
		{D785437D-3DD5-3A72-7643-54CF064476A2}.Release|Any CPU.Build.0 = Release|Any CPU
		{0F06F4AE-B31C-E05E-9BC5-0AC19EBEE4B6}.Debug|Any CPU.ActiveCfg = Debug|Any CPU
		{0F06F4AE-B31C-E05E-9BC5-0AC19EBEE4B6}.Debug|Any CPU.Build.0 = Debug|Any CPU
		{0F06F4AE-B31C-E05E-9BC5-0AC19EBEE4B6}.Release|Any CPU.ActiveCfg = Release|Any CPU
		{0F06F4AE-B31C-E05E-9BC5-0AC19EBEE4B6}.Release|Any CPU.Build.0 = Release|Any CPU
		{427C00D7-8547-15DB-42AF-41BC781BC276}.Debug|Any CPU.ActiveCfg = Debug|Any CPU
		{427C00D7-8547-15DB-42AF-41BC781BC276}.Debug|Any CPU.Build.0 = Debug|Any CPU
		{427C00D7-8547-15DB-42AF-41BC781BC276}.Release|Any CPU.ActiveCfg = Release|Any CPU
		{427C00D7-8547-15DB-42AF-41BC781BC276}.Release|Any CPU.Build.0 = Release|Any CPU
		{641A31F2-69A9-1875-59C0-1A0E1FB3B332}.Debug|Any CPU.ActiveCfg = Debug|Any CPU
		{641A31F2-69A9-1875-59C0-1A0E1FB3B332}.Debug|Any CPU.Build.0 = Debug|Any CPU
		{641A31F2-69A9-1875-59C0-1A0E1FB3B332}.Release|Any CPU.ActiveCfg = Release|Any CPU
		{641A31F2-69A9-1875-59C0-1A0E1FB3B332}.Release|Any CPU.Build.0 = Release|Any CPU
		{15B33CB9-FB4D-620A-ED83-13525218F780}.Debug|Any CPU.ActiveCfg = Debug|Any CPU
		{15B33CB9-FB4D-620A-ED83-13525218F780}.Debug|Any CPU.Build.0 = Debug|Any CPU
		{15B33CB9-FB4D-620A-ED83-13525218F780}.Release|Any CPU.ActiveCfg = Release|Any CPU
		{15B33CB9-FB4D-620A-ED83-13525218F780}.Release|Any CPU.Build.0 = Release|Any CPU
		{D47B7C96-ED81-7A47-6729-0ED31809CC2E}.Debug|Any CPU.ActiveCfg = Debug|Any CPU
		{D47B7C96-ED81-7A47-6729-0ED31809CC2E}.Debug|Any CPU.Build.0 = Debug|Any CPU
		{D47B7C96-ED81-7A47-6729-0ED31809CC2E}.Release|Any CPU.ActiveCfg = Release|Any CPU
		{D47B7C96-ED81-7A47-6729-0ED31809CC2E}.Release|Any CPU.Build.0 = Release|Any CPU
		{BB80F5FC-721A-1327-51C4-97892C1AAF5F}.Debug|Any CPU.ActiveCfg = Debug|Any CPU
		{BB80F5FC-721A-1327-51C4-97892C1AAF5F}.Debug|Any CPU.Build.0 = Debug|Any CPU
		{BB80F5FC-721A-1327-51C4-97892C1AAF5F}.Release|Any CPU.ActiveCfg = Release|Any CPU
		{BB80F5FC-721A-1327-51C4-97892C1AAF5F}.Release|Any CPU.Build.0 = Release|Any CPU
		{C94B29E3-B49D-D7FC-E71E-CF11B0CD2729}.Debug|Any CPU.ActiveCfg = Debug|Any CPU
		{C94B29E3-B49D-D7FC-E71E-CF11B0CD2729}.Debug|Any CPU.Build.0 = Debug|Any CPU
		{C94B29E3-B49D-D7FC-E71E-CF11B0CD2729}.Release|Any CPU.ActiveCfg = Release|Any CPU
		{C94B29E3-B49D-D7FC-E71E-CF11B0CD2729}.Release|Any CPU.Build.0 = Release|Any CPU
		{5A5F990C-1741-B6C6-BBF9-B15C417033F7}.Debug|Any CPU.ActiveCfg = Debug|Any CPU
		{5A5F990C-1741-B6C6-BBF9-B15C417033F7}.Debug|Any CPU.Build.0 = Debug|Any CPU
		{5A5F990C-1741-B6C6-BBF9-B15C417033F7}.Release|Any CPU.ActiveCfg = Release|Any CPU
		{5A5F990C-1741-B6C6-BBF9-B15C417033F7}.Release|Any CPU.Build.0 = Release|Any CPU
		{B0185732-828A-497B-AFFD-0FF551AAF848}.Debug|Any CPU.ActiveCfg = Debug|Any CPU
		{B0185732-828A-497B-AFFD-0FF551AAF848}.Debug|Any CPU.Build.0 = Debug|Any CPU
		{B0185732-828A-497B-AFFD-0FF551AAF848}.Release|Any CPU.ActiveCfg = Release|Any CPU
		{B0185732-828A-497B-AFFD-0FF551AAF848}.Release|Any CPU.Build.0 = Release|Any CPU
		{9C6215AB-8C3B-47B1-8B88-08D7F8D1B8A4}.Debug|Any CPU.ActiveCfg = Debug|Any CPU
		{9C6215AB-8C3B-47B1-8B88-08D7F8D1B8A4}.Debug|Any CPU.Build.0 = Debug|Any CPU
		{9C6215AB-8C3B-47B1-8B88-08D7F8D1B8A4}.Release|Any CPU.ActiveCfg = Release|Any CPU
		{9C6215AB-8C3B-47B1-8B88-08D7F8D1B8A4}.Release|Any CPU.Build.0 = Release|Any CPU
		{1BFCEBF6-7BA1-489E-AB09-0EB34A9D3926}.Debug|Any CPU.ActiveCfg = Debug|Any CPU
		{1BFCEBF6-7BA1-489E-AB09-0EB34A9D3926}.Debug|Any CPU.Build.0 = Debug|Any CPU
		{1BFCEBF6-7BA1-489E-AB09-0EB34A9D3926}.Release|Any CPU.ActiveCfg = Release|Any CPU
		{1BFCEBF6-7BA1-489E-AB09-0EB34A9D3926}.Release|Any CPU.Build.0 = Release|Any CPU
		{DCEE639A-2A3D-4E38-B76B-B310EB7471A6}.Debug|Any CPU.ActiveCfg = Debug|Any CPU
		{DCEE639A-2A3D-4E38-B76B-B310EB7471A6}.Debug|Any CPU.Build.0 = Debug|Any CPU
		{DCEE639A-2A3D-4E38-B76B-B310EB7471A6}.Release|Any CPU.ActiveCfg = Release|Any CPU
		{DCEE639A-2A3D-4E38-B76B-B310EB7471A6}.Release|Any CPU.Build.0 = Release|Any CPU
		{F3D1A393-ECDF-4B9B-A1FF-3B25DADD997E}.Debug|Any CPU.ActiveCfg = Debug|Any CPU
		{F3D1A393-ECDF-4B9B-A1FF-3B25DADD997E}.Debug|Any CPU.Build.0 = Debug|Any CPU
		{F3D1A393-ECDF-4B9B-A1FF-3B25DADD997E}.Release|Any CPU.ActiveCfg = Release|Any CPU
		{F3D1A393-ECDF-4B9B-A1FF-3B25DADD997E}.Release|Any CPU.Build.0 = Release|Any CPU
		{037F808D-CA01-4673-9E3A-65B809F1F959}.Debug|Any CPU.ActiveCfg = Debug|Any CPU
		{037F808D-CA01-4673-9E3A-65B809F1F959}.Debug|Any CPU.Build.0 = Debug|Any CPU
		{037F808D-CA01-4673-9E3A-65B809F1F959}.Release|Any CPU.ActiveCfg = Release|Any CPU
		{037F808D-CA01-4673-9E3A-65B809F1F959}.Release|Any CPU.Build.0 = Release|Any CPU
		{EC445796-511A-4B93-9583-8CF5C00C55F4}.Debug|Any CPU.ActiveCfg = Debug|Any CPU
		{EC445796-511A-4B93-9583-8CF5C00C55F4}.Debug|Any CPU.Build.0 = Debug|Any CPU
		{EC445796-511A-4B93-9583-8CF5C00C55F4}.Release|Any CPU.ActiveCfg = Release|Any CPU
		{EC445796-511A-4B93-9583-8CF5C00C55F4}.Release|Any CPU.Build.0 = Release|Any CPU
		{29317427-63FA-4A5D-B3BC-7B7D694C1F07}.Debug|Any CPU.ActiveCfg = Debug|Any CPU
		{29317427-63FA-4A5D-B3BC-7B7D694C1F07}.Debug|Any CPU.Build.0 = Debug|Any CPU
		{29317427-63FA-4A5D-B3BC-7B7D694C1F07}.Release|Any CPU.ActiveCfg = Release|Any CPU
		{29317427-63FA-4A5D-B3BC-7B7D694C1F07}.Release|Any CPU.Build.0 = Release|Any CPU
		{3C88557A-8A42-4B51-A23F-53B4824CB490}.Debug|Any CPU.ActiveCfg = Debug|Any CPU
		{3C88557A-8A42-4B51-A23F-53B4824CB490}.Debug|Any CPU.Build.0 = Debug|Any CPU
		{3C88557A-8A42-4B51-A23F-53B4824CB490}.Release|Any CPU.ActiveCfg = Release|Any CPU
		{3C88557A-8A42-4B51-A23F-53B4824CB490}.Release|Any CPU.Build.0 = Release|Any CPU
		{E0C0C8CD-FCA4-4EB5-A326-FCFE9AB78E69}.Debug|Any CPU.ActiveCfg = Debug|Any CPU
		{E0C0C8CD-FCA4-4EB5-A326-FCFE9AB78E69}.Debug|Any CPU.Build.0 = Debug|Any CPU
		{E0C0C8CD-FCA4-4EB5-A326-FCFE9AB78E69}.Release|Any CPU.ActiveCfg = Release|Any CPU
		{E0C0C8CD-FCA4-4EB5-A326-FCFE9AB78E69}.Release|Any CPU.Build.0 = Release|Any CPU
		{43393ACF-6364-4453-BAF7-44752BA32362}.Debug|Any CPU.ActiveCfg = Debug|Any CPU
		{43393ACF-6364-4453-BAF7-44752BA32362}.Debug|Any CPU.Build.0 = Debug|Any CPU
		{43393ACF-6364-4453-BAF7-44752BA32362}.Release|Any CPU.ActiveCfg = Release|Any CPU
		{43393ACF-6364-4453-BAF7-44752BA32362}.Release|Any CPU.Build.0 = Release|Any CPU
		{87D37E03-5E66-4887-858F-0BA8CC011895}.Debug|Any CPU.ActiveCfg = Debug|Any CPU
		{87D37E03-5E66-4887-858F-0BA8CC011895}.Debug|Any CPU.Build.0 = Debug|Any CPU
		{87D37E03-5E66-4887-858F-0BA8CC011895}.Release|Any CPU.ActiveCfg = Release|Any CPU
		{87D37E03-5E66-4887-858F-0BA8CC011895}.Release|Any CPU.Build.0 = Release|Any CPU
	EndGlobalSection
	GlobalSection(SolutionProperties) = preSolution
		HideSolutionNode = FALSE
	EndGlobalSection
	GlobalSection(NestedProjects) = preSolution
		{83154A79-9D09-4C05-A1EB-AFEDB8E05221} = {02EA681E-C7D8-13C7-8484-4AC65E1B71E8}
		{5CFF3EE7-4FFB-4E4E-240C-1D6663DE3FCE} = {83154A79-9D09-4C05-A1EB-AFEDB8E05221}
		{407A93C5-DDA0-E802-2C9D-1045B7E09C6E} = {83154A79-9D09-4C05-A1EB-AFEDB8E05221}
		{BC7989D3-351D-42EC-B483-5823D3D4C78B} = {02EA681E-C7D8-13C7-8484-4AC65E1B71E8}
		{35262F13-50C6-AFAC-E9BC-AF4779021BCC} = {BC7989D3-351D-42EC-B483-5823D3D4C78B}
		{CF5E7D33-7F21-C3A6-94DA-882CD3EE7D80} = {BC7989D3-351D-42EC-B483-5823D3D4C78B}
		{AE5EF592-13C9-4863-BF83-9DEB1EA3033D} = {02EA681E-C7D8-13C7-8484-4AC65E1B71E8}
		{CB072A3A-AD22-AD21-68F0-810333774A2D} = {AE5EF592-13C9-4863-BF83-9DEB1EA3033D}
		{383FF2FD-2E13-617D-B083-2D28937E5EEF} = {AE5EF592-13C9-4863-BF83-9DEB1EA3033D}
		{707F0305-E171-4A06-A288-101BAD337B61} = {02EA681E-C7D8-13C7-8484-4AC65E1B71E8}
		{A7871F50-E297-EFF5-300A-CCFAD352AD62} = {707F0305-E171-4A06-A288-101BAD337B61}
		{D785437D-3DD5-3A72-7643-54CF064476A2} = {707F0305-E171-4A06-A288-101BAD337B61}
		{0F06F4AE-B31C-E05E-9BC5-0AC19EBEE4B6} = {707F0305-E171-4A06-A288-101BAD337B61}
		{B9461580-8634-49E7-BD02-051A3FBE84E0} = {02EA681E-C7D8-13C7-8484-4AC65E1B71E8}
		{427C00D7-8547-15DB-42AF-41BC781BC276} = {B9461580-8634-49E7-BD02-051A3FBE84E0}
		{641A31F2-69A9-1875-59C0-1A0E1FB3B332} = {B9461580-8634-49E7-BD02-051A3FBE84E0}
		{6B668FBC-6279-4231-9DF6-4F7ADC041543} = {02EA681E-C7D8-13C7-8484-4AC65E1B71E8}
		{15B33CB9-FB4D-620A-ED83-13525218F780} = {6B668FBC-6279-4231-9DF6-4F7ADC041543}
		{D47B7C96-ED81-7A47-6729-0ED31809CC2E} = {6B668FBC-6279-4231-9DF6-4F7ADC041543}
		{F4D6F3C6-E77A-4D64-BB89-9989C52A148A} = {02EA681E-C7D8-13C7-8484-4AC65E1B71E8}
		{BB80F5FC-721A-1327-51C4-97892C1AAF5F} = {F4D6F3C6-E77A-4D64-BB89-9989C52A148A}
		{C94B29E3-B49D-D7FC-E71E-CF11B0CD2729} = {F4D6F3C6-E77A-4D64-BB89-9989C52A148A}
		{F571E1E5-F07F-48F2-840E-781AAD9FA59A} = {E0707F3A-A052-4F99-924F-53BAEFC09E29}
		{5A5F990C-1741-B6C6-BBF9-B15C417033F7} = {F571E1E5-F07F-48F2-840E-781AAD9FA59A}
		{8F023A04-6C89-41A7-978E-143D6F5250E7} = {E0707F3A-A052-4F99-924F-53BAEFC09E29}
		{8F9001A0-9F62-4B23-AECE-9AA37CA343EC} = {E0707F3A-A052-4F99-924F-53BAEFC09E29}
		{092E8B5E-2573-4548-AECC-955BD2F6A096} = {E0707F3A-A052-4F99-924F-53BAEFC09E29}
		{B0185732-828A-497B-AFFD-0FF551AAF848} = {8F023A04-6C89-41A7-978E-143D6F5250E7}
		{9C6215AB-8C3B-47B1-8B88-08D7F8D1B8A4} = {8F023A04-6C89-41A7-978E-143D6F5250E7}
		{1BFCEBF6-7BA1-489E-AB09-0EB34A9D3926} = {8F023A04-6C89-41A7-978E-143D6F5250E7}
		{DCEE639A-2A3D-4E38-B76B-B310EB7471A6} = {8F023A04-6C89-41A7-978E-143D6F5250E7}
		{F3D1A393-ECDF-4B9B-A1FF-3B25DADD997E} = {8F023A04-6C89-41A7-978E-143D6F5250E7}
		{037F808D-CA01-4673-9E3A-65B809F1F959} = {8F9001A0-9F62-4B23-AECE-9AA37CA343EC}
		{EC445796-511A-4B93-9583-8CF5C00C55F4} = {092E8B5E-2573-4548-AECC-955BD2F6A096}
		{29317427-63FA-4A5D-B3BC-7B7D694C1F07} = {F22B909C-CA43-4268-A2CF-45EF0E9A01C1}
		{3C88557A-8A42-4B51-A23F-53B4824CB490} = {F22B909C-CA43-4268-A2CF-45EF0E9A01C1}
		{E0C0C8CD-FCA4-4EB5-A326-FCFE9AB78E69} = {F22B909C-CA43-4268-A2CF-45EF0E9A01C1}
		{43393ACF-6364-4453-BAF7-44752BA32362} = {F22B909C-CA43-4268-A2CF-45EF0E9A01C1}
		{87D37E03-5E66-4887-858F-0BA8CC011895} = {F22B909C-CA43-4268-A2CF-45EF0E9A01C1}
	EndGlobalSection
	GlobalSection(ExtensibilityGlobals) = postSolution
		SolutionGuid = {FBFE271B-8AB2-4370-AE68-3E1B21D4264E}
	EndGlobalSection
EndGlobal
